// !$*UTF8*$!
{
	archiveVersion = 1;
	classes = {
	};
	objectVersion = 46;
	objects = {

/* Begin PBXBuildFile section */
		52BA03391A838FFB00EF02BB /* AppDelegate.m in Sources */ = {isa = PBXBuildFile; fileRef = 52BA03381A838FFB00EF02BB /* AppDelegate.m */; };
		52BA033B1A838FFB00EF02BB /* main.m in Sources */ = {isa = PBXBuildFile; fileRef = 52BA033A1A838FFB00EF02BB /* main.m */; };
		52BA033E1A838FFB00EF02BB /* ViewController.m in Sources */ = {isa = PBXBuildFile; fileRef = 52BA033D1A838FFB00EF02BB /* ViewController.m */; };
		52BA03401A838FFB00EF02BB /* Images.xcassets in Resources */ = {isa = PBXBuildFile; fileRef = 52BA033F1A838FFB00EF02BB /* Images.xcassets */; };
		52BA03431A838FFB00EF02BB /* Main.storyboard in Resources */ = {isa = PBXBuildFile; fileRef = 52BA03411A838FFB00EF02BB /* Main.storyboard */; };
		52BA034F1A838FFB00EF02BB /* HomeWork3Tests.m in Sources */ = {isa = PBXBuildFile; fileRef = 52BA034E1A838FFB00EF02BB /* HomeWork3Tests.m */; };
		52BA035A1A8413E600EF02BB /* ToDoList.m in Sources */ = {isa = PBXBuildFile; fileRef = 52BA03591A8413E600EF02BB /* ToDoList.m */; };
		52BA035D1A84143200EF02BB /* ToDoItem.m in Sources */ = {isa = PBXBuildFile; fileRef = 52BA035C1A84143200EF02BB /* ToDoItem.m */; };
/* End PBXBuildFile section */

/* Begin PBXContainerItemProxy section */
		52BA03491A838FFB00EF02BB /* PBXContainerItemProxy */ = {
			isa = PBXContainerItemProxy;
			containerPortal = 52BA032A1A838FFB00EF02BB /* Project object */;
			proxyType = 1;
			remoteGlobalIDString = 52BA03311A838FFB00EF02BB;
			remoteInfo = HomeWork3;
		};
/* End PBXContainerItemProxy section */

/* Begin PBXFileReference section */
		52BA03321A838FFB00EF02BB /* HomeWork3.app */ = {isa = PBXFileReference; explicitFileType = wrapper.application; includeInIndex = 0; path = HomeWork3.app; sourceTree = BUILT_PRODUCTS_DIR; };
		52BA03361A838FFB00EF02BB /* Info.plist */ = {isa = PBXFileReference; lastKnownFileType = text.plist.xml; path = Info.plist; sourceTree = "<group>"; };
		52BA03371A838FFB00EF02BB /* AppDelegate.h */ = {isa = PBXFileReference; lastKnownFileType = sourcecode.c.h; path = AppDelegate.h; sourceTree = "<group>"; };
		52BA03381A838FFB00EF02BB /* AppDelegate.m */ = {isa = PBXFileReference; lastKnownFileType = sourcecode.c.objc; path = AppDelegate.m; sourceTree = "<group>"; };
		52BA033A1A838FFB00EF02BB /* main.m */ = {isa = PBXFileReference; lastKnownFileType = sourcecode.c.objc; path = main.m; sourceTree = "<group>"; };
		52BA033C1A838FFB00EF02BB /* ViewController.h */ = {isa = PBXFileReference; lastKnownFileType = sourcecode.c.h; path = ViewController.h; sourceTree = "<group>"; };
		52BA033D1A838FFB00EF02BB /* ViewController.m */ = {isa = PBXFileReference; lastKnownFileType = sourcecode.c.objc; path = ViewController.m; sourceTree = "<group>"; };
		52BA033F1A838FFB00EF02BB /* Images.xcassets */ = {isa = PBXFileReference; lastKnownFileType = folder.assetcatalog; path = Images.xcassets; sourceTree = "<group>"; };
		52BA03421A838FFB00EF02BB /* Base */ = {isa = PBXFileReference; lastKnownFileType = file.storyboard; name = Base; path = Base.lproj/Main.storyboard; sourceTree = "<group>"; };
		52BA03481A838FFB00EF02BB /* HomeWork3Tests.xctest */ = {isa = PBXFileReference; explicitFileType = wrapper.cfbundle; includeInIndex = 0; path = HomeWork3Tests.xctest; sourceTree = BUILT_PRODUCTS_DIR; };
		52BA034D1A838FFB00EF02BB /* Info.plist */ = {isa = PBXFileReference; lastKnownFileType = text.plist.xml; path = Info.plist; sourceTree = "<group>"; };
		52BA034E1A838FFB00EF02BB /* HomeWork3Tests.m */ = {isa = PBXFileReference; lastKnownFileType = sourcecode.c.objc; path = HomeWork3Tests.m; sourceTree = "<group>"; };
		52BA03581A8413E600EF02BB /* ToDoList.h */ = {isa = PBXFileReference; fileEncoding = 4; lastKnownFileType = sourcecode.c.h; path = ToDoList.h; sourceTree = "<group>"; };
		52BA03591A8413E600EF02BB /* ToDoList.m */ = {isa = PBXFileReference; fileEncoding = 4; lastKnownFileType = sourcecode.c.objc; path = ToDoList.m; sourceTree = "<group>"; };
		52BA035B1A84143200EF02BB /* ToDoItem.h */ = {isa = PBXFileReference; fileEncoding = 4; lastKnownFileType = sourcecode.c.h; path = ToDoItem.h; sourceTree = "<group>"; };
		52BA035C1A84143200EF02BB /* ToDoItem.m */ = {isa = PBXFileReference; fileEncoding = 4; lastKnownFileType = sourcecode.c.objc; path = ToDoItem.m; sourceTree = "<group>"; };
/* End PBXFileReference section */

/* Begin PBXFrameworksBuildPhase section */
		52BA032F1A838FFB00EF02BB /* Frameworks */ = {
			isa = PBXFrameworksBuildPhase;
			buildActionMask = 2147483647;
			files = (
			);
			runOnlyForDeploymentPostprocessing = 0;
		};
		52BA03451A838FFB00EF02BB /* Frameworks */ = {
			isa = PBXFrameworksBuildPhase;
			buildActionMask = 2147483647;
			files = (
			);
			runOnlyForDeploymentPostprocessing = 0;
		};
/* End PBXFrameworksBuildPhase section */

/* Begin PBXGroup section */
		52BA03291A838FFB00EF02BB = {
			isa = PBXGroup;
			children = (
				52BA03341A838FFB00EF02BB /* HomeWork3 */,
				52BA034B1A838FFB00EF02BB /* HomeWork3Tests */,
				52BA03331A838FFB00EF02BB /* Products */,
			);
			sourceTree = "<group>";
		};
		52BA03331A838FFB00EF02BB /* Products */ = {
			isa = PBXGroup;
			children = (
				52BA03321A838FFB00EF02BB /* HomeWork3.app */,
				52BA03481A838FFB00EF02BB /* HomeWork3Tests.xctest */,
			);
			name = Products;
			sourceTree = "<group>";
		};
		52BA03341A838FFB00EF02BB /* HomeWork3 */ = {
			isa = PBXGroup;
			children = (
				52BA03371A838FFB00EF02BB /* AppDelegate.h */,
				52BA03381A838FFB00EF02BB /* AppDelegate.m */,
				52BA033C1A838FFB00EF02BB /* ViewController.h */,
				52BA033D1A838FFB00EF02BB /* ViewController.m */,
				52BA033F1A838FFB00EF02BB /* Images.xcassets */,
				52BA03411A838FFB00EF02BB /* Main.storyboard */,
				52BA03351A838FFB00EF02BB /* Supporting Files */,
				52BA03581A8413E600EF02BB /* ToDoList.h */,
				52BA03591A8413E600EF02BB /* ToDoList.m */,
				52BA035B1A84143200EF02BB /* ToDoItem.h */,
				52BA035C1A84143200EF02BB /* ToDoItem.m */,
			);
			path = HomeWork3;
			sourceTree = "<group>";
		};
		52BA03351A838FFB00EF02BB /* Supporting Files */ = {
			isa = PBXGroup;
			children = (
				52BA03361A838FFB00EF02BB /* Info.plist */,
				52BA033A1A838FFB00EF02BB /* main.m */,
			);
			name = "Supporting Files";
			sourceTree = "<group>";
		};
		52BA034B1A838FFB00EF02BB /* HomeWork3Tests */ = {
			isa = PBXGroup;
			children = (
				52BA034E1A838FFB00EF02BB /* HomeWork3Tests.m */,
				52BA034C1A838FFB00EF02BB /* Supporting Files */,
			);
			path = HomeWork3Tests;
			sourceTree = "<group>";
		};
		52BA034C1A838FFB00EF02BB /* Supporting Files */ = {
			isa = PBXGroup;
			children = (
				52BA034D1A838FFB00EF02BB /* Info.plist */,
			);
			name = "Supporting Files";
			sourceTree = "<group>";
		};
/* End PBXGroup section */

/* Begin PBXNativeTarget section */
		52BA03311A838FFB00EF02BB /* HomeWork3 */ = {
			isa = PBXNativeTarget;
			buildConfigurationList = 52BA03521A838FFB00EF02BB /* Build configuration list for PBXNativeTarget "HomeWork3" */;
			buildPhases = (
				52BA032E1A838FFB00EF02BB /* Sources */,
				52BA032F1A838FFB00EF02BB /* Frameworks */,
				52BA03301A838FFB00EF02BB /* Resources */,
			);
			buildRules = (
			);
			dependencies = (
			);
			name = HomeWork3;
			productName = HomeWork3;
			productReference = 52BA03321A838FFB00EF02BB /* HomeWork3.app */;
			productType = "com.apple.product-type.application";
		};
		52BA03471A838FFB00EF02BB /* HomeWork3Tests */ = {
			isa = PBXNativeTarget;
			buildConfigurationList = 52BA03551A838FFB00EF02BB /* Build configuration list for PBXNativeTarget "HomeWork3Tests" */;
			buildPhases = (
				52BA03441A838FFB00EF02BB /* Sources */,
				52BA03451A838FFB00EF02BB /* Frameworks */,
				52BA03461A838FFB00EF02BB /* Resources */,
			);
			buildRules = (
			);
			dependencies = (
				52BA034A1A838FFB00EF02BB /* PBXTargetDependency */,
			);
			name = HomeWork3Tests;
			productName = HomeWork3Tests;
			productReference = 52BA03481A838FFB00EF02BB /* HomeWork3Tests.xctest */;
			productType = "com.apple.product-type.bundle.unit-test";
		};
/* End PBXNativeTarget section */

/* Begin PBXProject section */
		52BA032A1A838FFB00EF02BB /* Project object */ = {
			isa = PBXProject;
			attributes = {
				LastUpgradeCheck = 0610;
				ORGANIZATIONNAME = Avishek;
				TargetAttributes = {
					52BA03311A838FFB00EF02BB = {
						CreatedOnToolsVersion = 6.1.1;
					};
					52BA03471A838FFB00EF02BB = {
						CreatedOnToolsVersion = 6.1.1;
						TestTargetID = 52BA03311A838FFB00EF02BB;
					};
				};
			};
			buildConfigurationList = 52BA032D1A838FFB00EF02BB /* Build configuration list for PBXProject "HomeWork3" */;
			compatibilityVersion = "Xcode 3.2";
			developmentRegion = English;
			hasScannedForEncodings = 0;
			knownRegions = (
				en,
				Base,
			);
			mainGroup = 52BA03291A838FFB00EF02BB;
			productRefGroup = 52BA03331A838FFB00EF02BB /* Products */;
			projectDirPath = "";
			projectRoot = "";
			targets = (
				52BA03311A838FFB00EF02BB /* HomeWork3 */,
				52BA03471A838FFB00EF02BB /* HomeWork3Tests */,
			);
		};
/* End PBXProject section */

/* Begin PBXResourcesBuildPhase section */
		52BA03301A838FFB00EF02BB /* Resources */ = {
			isa = PBXResourcesBuildPhase;
			buildActionMask = 2147483647;
			files = (
				52BA03401A838FFB00EF02BB /* Images.xcassets in Resources */,
				52BA03431A838FFB00EF02BB /* Main.storyboard in Resources */,
			);
			runOnlyForDeploymentPostprocessing = 0;
		};
		52BA03461A838FFB00EF02BB /* Resources */ = {
			isa = PBXResourcesBuildPhase;
			buildActionMask = 2147483647;
			files = (
			);
			runOnlyForDeploymentPostprocessing = 0;
		};
/* End PBXResourcesBuildPhase section */

/* Begin PBXSourcesBuildPhase section */
		52BA032E1A838FFB00EF02BB /* Sources */ = {
			isa = PBXSourcesBuildPhase;
			buildActionMask = 2147483647;
			files = (
				52BA033E1A838FFB00EF02BB /* ViewController.m in Sources */,
				52BA035D1A84143200EF02BB /* ToDoItem.m in Sources */,
				52BA033B1A838FFB00EF02BB /* main.m in Sources */,
				52BA03391A838FFB00EF02BB /* AppDelegate.m in Sources */,
				52BA035A1A8413E600EF02BB /* ToDoList.m in Sources */,
			);
			runOnlyForDeploymentPostprocessing = 0;
		};
		52BA03441A838FFB00EF02BB /* Sources */ = {
			isa = PBXSourcesBuildPhase;
			buildActionMask = 2147483647;
			files = (
				52BA034F1A838FFB00EF02BB /* HomeWork3Tests.m in Sources */,
			);
			runOnlyForDeploymentPostprocessing = 0;
		};
/* End PBXSourcesBuildPhase section */

/* Begin PBXTargetDependency section */
		52BA034A1A838FFB00EF02BB /* PBXTargetDependency */ = {
			isa = PBXTargetDependency;
			target = 52BA03311A838FFB00EF02BB /* HomeWork3 */;
			targetProxy = 52BA03491A838FFB00EF02BB /* PBXContainerItemProxy */;
		};
/* End PBXTargetDependency section */

/* Begin PBXVariantGroup section */
		52BA03411A838FFB00EF02BB /* Main.storyboard */ = {
			isa = PBXVariantGroup;
			children = (
				52BA03421A838FFB00EF02BB /* Base */,
			);
			name = Main.storyboard;
			sourceTree = "<group>";
		};
/* End PBXVariantGroup section */

/* Begin XCBuildConfiguration section */
		52BA03501A838FFB00EF02BB /* Debug */ = {
			isa = XCBuildConfiguration;
			buildSettings = {
				ALWAYS_SEARCH_USER_PATHS = NO;
				CLANG_CXX_LANGUAGE_STANDARD = "gnu++0x";
				CLANG_CXX_LIBRARY = "libc++";
				CLANG_ENABLE_MODULES = YES;
				CLANG_ENABLE_OBJC_ARC = YES;
				CLANG_WARN_BOOL_CONVERSION = YES;
				CLANG_WARN_CONSTANT_CONVERSION = YES;
				CLANG_WARN_DIRECT_OBJC_ISA_USAGE = YES_ERROR;
				CLANG_WARN_EMPTY_BODY = YES;
				CLANG_WARN_ENUM_CONVERSION = YES;
				CLANG_WARN_INT_CONVERSION = YES;
				CLANG_WARN_OBJC_ROOT_CLASS = YES_ERROR;
				CLANG_WARN_UNREACHABLE_CODE = YES;
				CLANG_WARN__DUPLICATE_METHOD_MATCH = YES;
				CODE_SIGN_IDENTITY = "-";
				COPY_PHASE_STRIP = NO;
				ENABLE_STRICT_OBJC_MSGSEND = YES;
				GCC_C_LANGUAGE_STANDARD = gnu99;
				GCC_DYNAMIC_NO_PIC = NO;
				GCC_OPTIMIZATION_LEVEL = 0;
				GCC_PREPROCESSOR_DEFINITIONS = (
					"DEBUG=1",
					"$(inherited)",
				);
				GCC_SYMBOLS_PRIVATE_EXTERN = NO;
				GCC_WARN_64_TO_32_BIT_CONVERSION = YES;
				GCC_WARN_ABOUT_RETURN_TYPE = YES_ERROR;
				GCC_WARN_UNDECLARED_SELECTOR = YES;
				GCC_WARN_UNINITIALIZED_AUTOS = YES_AGGRESSIVE;
				GCC_WARN_UNUSED_FUNCTION = YES;
				GCC_WARN_UNUSED_VARIABLE = YES;
				MACOSX_DEPLOYMENT_TARGET = 10.10;
				MTL_ENABLE_DEBUG_INFO = YES;
				ONLY_ACTIVE_ARCH = YES;
				SDKROOT = macosx;
			};
			name = Debug;
		};
		52BA03511A838FFB00EF02BB /* Release */ = {
			isa = XCBuildConfiguration;
			buildSettings = {
				ALWAYS_SEARCH_USER_PATHS = NO;
				CLANG_CXX_LANGUAGE_STANDARD = "gnu++0x";
				CLANG_CXX_LIBRARY = "libc++";
				CLANG_ENABLE_MODULES = YES;
				CLANG_ENABLE_OBJC_ARC = YES;
				CLANG_WARN_BOOL_CONVERSION = YES;
				CLANG_WARN_CONSTANT_CONVERSION = YES;
				CLANG_WARN_DIRECT_OBJC_ISA_USAGE = YES_ERROR;
				CLANG_WARN_EMPTY_BODY = YES;
				CLANG_WARN_ENUM_CONVERSION = YES;
				CLANG_WARN_INT_CONVERSION = YES;
				CLANG_WARN_OBJC_ROOT_CLASS = YES_ERROR;
				CLANG_WARN_UNREACHABLE_CODE = YES;
				CLANG_WARN__DUPLICATE_METHOD_MATCH = YES;
				CODE_SIGN_IDENTITY = "-";
				COPY_PHASE_STRIP = YES;
				DEBUG_INFORMATION_FORMAT = "dwarf-with-dsym";
				ENABLE_NS_ASSERTIONS = NO;
				ENABLE_STRICT_OBJC_MSGSEND = YES;
				GCC_C_LANGUAGE_STANDARD = gnu99;
				GCC_WARN_64_TO_32_BIT_CONVERSION = YES;
				GCC_WARN_ABOUT_RETURN_TYPE = YES_ERROR;
				GCC_WARN_UNDECLARED_SELECTOR = YES;
				GCC_WARN_UNINITIALIZED_AUTOS = YES_AGGRESSIVE;
				GCC_WARN_UNUSED_FUNCTION = YES;
				GCC_WARN_UNUSED_VARIABLE = YES;
				MACOSX_DEPLOYMENT_TARGET = 10.10;
				MTL_ENABLE_DEBUG_INFO = NO;
				SDKROOT = macosx;
			};
			name = Release;
		};
		52BA03531A838FFB00EF02BB /* Debug */ = {
			isa = XCBuildConfiguration;
			buildSettings = {
				ASSETCATALOG_COMPILER_APPICON_NAME = AppIcon;
				COMBINE_HIDPI_IMAGES = YES;
				INFOPLIST_FILE = HomeWork3/Info.plist;
				LD_RUNPATH_SEARCH_PATHS = "$(inherited) @executable_path/../Frameworks";
				PRODUCT_NAME = "$(TARGET_NAME)";
			};
			name = Debug;
		};
		52BA03541A838FFB00EF02BB /* Release */ = {
			isa = XCBuildConfiguration;
			buildSettings = {
				ASSETCATALOG_COMPILER_APPICON_NAME = AppIcon;
				COMBINE_HIDPI_IMAGES = YES;
				INFOPLIST_FILE = HomeWork3/Info.plist;
				LD_RUNPATH_SEARCH_PATHS = "$(inherited) @executable_path/../Frameworks";
				PRODUCT_NAME = "$(TARGET_NAME)";
			};
			name = Release;
		};
		52BA03561A838FFB00EF02BB /* Debug */ = {
			isa = XCBuildConfiguration;
			buildSettings = {
				BUNDLE_LOADER = "$(TEST_HOST)";
				COMBINE_HIDPI_IMAGES = YES;
				FRAMEWORK_SEARCH_PATHS = (
					"$(DEVELOPER_FRAMEWORKS_DIR)",
					"$(inherited)",
				);
				GCC_PREPROCESSOR_DEFINITIONS = (
					"DEBUG=1",
					"$(inherited)",
				);
				INFOPLIST_FILE = HomeWork3Tests/Info.plist;
				LD_RUNPATH_SEARCH_PATHS = "$(inherited) @executable_path/../Frameworks @loader_path/../Frameworks";
				PRODUCT_NAME = "$(TARGET_NAME)";
				TEST_HOST = "$(BUILT_PRODUCTS_DIR)/HomeWork3.app/Contents/MacOS/HomeWork3";
			};
			name = Debug;
		};
		52BA03571A838FFB00EF02BB /* Release */ = {
			isa = XCBuildConfiguration;
			buildSettings = {
				BUNDLE_LOADER = "$(TEST_HOST)";
				COMBINE_HIDPI_IMAGES = YES;
				FRAMEWORK_SEARCH_PATHS = (
					"$(DEVELOPER_FRAMEWORKS_DIR)",
					"$(inherited)",
				);
				INFOPLIST_FILE = HomeWork3Tests/Info.plist;
				LD_RUNPATH_SEARCH_PATHS = "$(inherited) @executable_path/../Frameworks @loader_path/../Frameworks";
				PRODUCT_NAME = "$(TARGET_NAME)";
				TEST_HOST = "$(BUILT_PRODUCTS_DIR)/HomeWork3.app/Contents/MacOS/HomeWork3";
			};
			name = Release;
		};
/* End XCBuildConfiguration section */

/* Begin XCConfigurationList section */
		52BA032D1A838FFB00EF02BB /* Build configuration list for PBXProject "HomeWork3" */ = {
			isa = XCConfigurationList;
			buildConfigurations = (
				52BA03501A838FFB00EF02BB /* Debug */,
				52BA03511A838FFB00EF02BB /* Release */,
			);
			defaultConfigurationIsVisible = 0;
			defaultConfigurationName = Release;
		};
		52BA03521A838FFB00EF02BB /* Build configuration list for PBXNativeTarget "HomeWork3" */ = {
			isa = XCConfigurationList;
			buildConfigurations = (
				52BA03531A838FFB00EF02BB /* Debug */,
				52BA03541A838FFB00EF02BB /* Release */,
			);
			defaultConfigurationIsVisible = 0;
			defaultConfigurationName = Release;
		};
		52BA03551A838FFB00EF02BB /* Build configuration list for PBXNativeTarget "HomeWork3Tests" */ = {
			isa = XCConfigurationList;
			buildConfigurations = (
				52BA03561A838FFB00EF02BB /* Debug */,
				52BA03571A838FFB00EF02BB /* Release */,
			);
			defaultConfigurationIsVisible = 0;
			defaultConfigurationName = Release;
		};
/* End XCConfigurationList section */
	};
	rootObject = 52BA032A1A838FFB00EF02BB /* Project object */;
}
